// !$*UTF8*$!
{
	archiveVersion = 1;
	classes = {
	};
	objectVersion = 46;
	objects = {

/* Begin PBXBuildFile section */
		2680D3A31C2482EB005EE8FF /* AppDelegate.swift in Sources */ = {isa = PBXBuildFile; fileRef = 2680D3A21C2482EB005EE8FF /* AppDelegate.swift */; };
		2680D3A51C2482EB005EE8FF /* ViewController.swift in Sources */ = {isa = PBXBuildFile; fileRef = 2680D3A41C2482EB005EE8FF /* ViewController.swift */; };
		2680D3A81C2482EB005EE8FF /* Main.storyboard in Resources */ = {isa = PBXBuildFile; fileRef = 2680D3A61C2482EB005EE8FF /* Main.storyboard */; };
		2680D3AA1C2482EB005EE8FF /* Assets.xcassets in Resources */ = {isa = PBXBuildFile; fileRef = 2680D3A91C2482EB005EE8FF /* Assets.xcassets */; };
		2680D3AD1C2482EB005EE8FF /* LaunchScreen.storyboard in Resources */ = {isa = PBXBuildFile; fileRef = 2680D3AB1C2482EB005EE8FF /* LaunchScreen.storyboard */; };
		2680D3B51C248426005EE8FF /* Character.swift in Sources */ = {isa = PBXBuildFile; fileRef = 2680D3B41C248426005EE8FF /* Character.swift */; };
		2680D3B71C248458005EE8FF /* Player.swift in Sources */ = {isa = PBXBuildFile; fileRef = 2680D3B61C248458005EE8FF /* Player.swift */; };
/* End PBXBuildFile section */

/* Begin PBXFileReference section */
		2680D39F1C2482EB005EE8FF /* ValiantsBattle.app */ = {isa = PBXFileReference; explicitFileType = wrapper.application; includeInIndex = 0; path = ValiantsBattle.app; sourceTree = BUILT_PRODUCTS_DIR; };
		2680D3A21C2482EB005EE8FF /* AppDelegate.swift */ = {isa = PBXFileReference; lastKnownFileType = sourcecode.swift; path = AppDelegate.swift; sourceTree = "<group>"; };
		2680D3A41C2482EB005EE8FF /* ViewController.swift */ = {isa = PBXFileReference; lastKnownFileType = sourcecode.swift; path = ViewController.swift; sourceTree = "<group>"; };
		2680D3A71C2482EB005EE8FF /* Base */ = {isa = PBXFileReference; lastKnownFileType = file.storyboard; name = Base; path = Base.lproj/Main.storyboard; sourceTree = "<group>"; };
		2680D3A91C2482EB005EE8FF /* Assets.xcassets */ = {isa = PBXFileReference; lastKnownFileType = folder.assetcatalog; path = Assets.xcassets; sourceTree = "<group>"; };
		2680D3AC1C2482EB005EE8FF /* Base */ = {isa = PBXFileReference; lastKnownFileType = file.storyboard; name = Base; path = Base.lproj/LaunchScreen.storyboard; sourceTree = "<group>"; };
		2680D3AE1C2482EB005EE8FF /* Info.plist */ = {isa = PBXFileReference; lastKnownFileType = text.plist.xml; path = Info.plist; sourceTree = "<group>"; };
		2680D3B41C248426005EE8FF /* Character.swift */ = {isa = PBXFileReference; fileEncoding = 4; lastKnownFileType = sourcecode.swift; path = Character.swift; sourceTree = "<group>"; };
		2680D3B61C248458005EE8FF /* Player.swift */ = {isa = PBXFileReference; fileEncoding = 4; lastKnownFileType = sourcecode.swift; path = Player.swift; sourceTree = "<group>"; };
/* End PBXFileReference section */

/* Begin PBXFrameworksBuildPhase section */
		2680D39C1C2482EB005EE8FF /* Frameworks */ = {
			isa = PBXFrameworksBuildPhase;
			buildActionMask = 2147483647;
			files = (
			);
			runOnlyForDeploymentPostprocessing = 0;
		};
/* End PBXFrameworksBuildPhase section */

/* Begin PBXGroup section */
		2680D3961C2482EB005EE8FF = {
			isa = PBXGroup;
			children = (
				2680D3A11C2482EB005EE8FF /* ValiantsBattle */,
				2680D3A01C2482EB005EE8FF /* Products */,
			);
			sourceTree = "<group>";
		};
		2680D3A01C2482EB005EE8FF /* Products */ = {
			isa = PBXGroup;
			children = (
				2680D39F1C2482EB005EE8FF /* ValiantsBattle.app */,
			);
			name = Products;
			sourceTree = "<group>";
		};
		2680D3A11C2482EB005EE8FF /* ValiantsBattle */ = {
			isa = PBXGroup;
			children = (
				2680D3A21C2482EB005EE8FF /* AppDelegate.swift */,
				2680D3A41C2482EB005EE8FF /* ViewController.swift */,
				2680D3A61C2482EB005EE8FF /* Main.storyboard */,
				2680D3A91C2482EB005EE8FF /* Assets.xcassets */,
				2680D3AB1C2482EB005EE8FF /* LaunchScreen.storyboard */,
				2680D3AE1C2482EB005EE8FF /* Info.plist */,
				2680D3B41C248426005EE8FF /* Character.swift */,
				2680D3B61C248458005EE8FF /* Player.swift */,
			);
			path = ValiantsBattle;
			sourceTree = "<group>";
		};
/* End PBXGroup section */

/* Begin PBXNativeTarget section */
		2680D39E1C2482EB005EE8FF /* ValiantsBattle */ = {
			isa = PBXNativeTarget;
			buildConfigurationList = 2680D3B11C2482EB005EE8FF /* Build configuration list for PBXNativeTarget "ValiantsBattle" */;
			buildPhases = (
				2680D39B1C2482EB005EE8FF /* Sources */,
				2680D39C1C2482EB005EE8FF /* Frameworks */,
				2680D39D1C2482EB005EE8FF /* Resources */,
			);
			buildRules = (
			);
			dependencies = (
			);
			name = ValiantsBattle;
			productName = ValiantsBattle;
			productReference = 2680D39F1C2482EB005EE8FF /* ValiantsBattle.app */;
			productType = "com.apple.product-type.application";
		};
/* End PBXNativeTarget section */

/* Begin PBXProject section */
		2680D3971C2482EB005EE8FF /* Project object */ = {
			isa = PBXProject;
			attributes = {
				LastSwiftUpdateCheck = 0720;
				LastUpgradeCheck = 0720;
				ORGANIZATIONNAME = "Maynesoft LLC";
				TargetAttributes = {
					2680D39E1C2482EB005EE8FF = {
						CreatedOnToolsVersion = 7.2;
					};
				};
			};
			buildConfigurationList = 2680D39A1C2482EB005EE8FF /* Build configuration list for PBXProject "ValiantsBattle" */;
			compatibilityVersion = "Xcode 3.2";
			developmentRegion = English;
			hasScannedForEncodings = 0;
			knownRegions = (
				en,
				Base,
			);
			mainGroup = 2680D3961C2482EB005EE8FF;
			productRefGroup = 2680D3A01C2482EB005EE8FF /* Products */;
			projectDirPath = "";
			projectRoot = "";
			targets = (
				2680D39E1C2482EB005EE8FF /* ValiantsBattle */,
			);
		};
/* End PBXProject section */

/* Begin PBXResourcesBuildPhase section */
		2680D39D1C2482EB005EE8FF /* Resources */ = {
			isa = PBXResourcesBuildPhase;
			buildActionMask = 2147483647;
			files = (
				2680D3AD1C2482EB005EE8FF /* LaunchScreen.storyboard in Resources */,
				2680D3AA1C2482EB005EE8FF /* Assets.xcassets in Resources */,
				2680D3A81C2482EB005EE8FF /* Main.storyboard in Resources */,
			);
			runOnlyForDeploymentPostprocessing = 0;
		};
/* End PBXResourcesBuildPhase section */

/* Begin PBXSourcesBuildPhase section */
		2680D39B1C2482EB005EE8FF /* Sources */ = {
			isa = PBXSourcesBuildPhase;
			buildActionMask = 2147483647;
			files = (
				2680D3B71C248458005EE8FF /* Player.swift in Sources */,
				2680D3B51C248426005EE8FF /* Character.swift in Sources */,
				2680D3A51C2482EB005EE8FF /* ViewController.swift in Sources */,
				2680D3A31C2482EB005EE8FF /* AppDelegate.swift in Sources */,
			);
			runOnlyForDeploymentPostprocessing = 0;
		};
/* End PBXSourcesBuildPhase section */

/* Begin PBXVariantGroup section */
		2680D3A61C2482EB005EE8FF /* Main.storyboard */ = {
			isa = PBXVariantGroup;
			children = (
				2680D3A71C2482EB005EE8FF /* Base */,
			);
			name = Main.storyboard;
			sourceTree = "<group>";
		};
		2680D3AB1C2482EB005EE8FF /* LaunchScreen.storyboard */ = {
			isa = PBXVariantGroup;
			children = (
				2680D3AC1C2482EB005EE8FF /* Base */,
			);
			name = LaunchScreen.storyboard;
			sourceTree = "<group>";
		};
/* End PBXVariantGroup section */

/* Begin XCBuildConfiguration section */
		2680D3AF1C2482EB005EE8FF /* Debug */ = {
			isa = XCBuildConfiguration;
			buildSettings = {
				ALWAYS_SEARCH_USER_PATHS = NO;
				CLANG_CXX_LANGUAGE_STANDARD = "gnu++0x";
				CLANG_CXX_LIBRARY = "libc++";
				CLANG_ENABLE_MODULES = YES;
				CLANG_ENABLE_OBJC_ARC = YES;
				CLANG_WARN_BOOL_CONVERSION = YES;
				CLANG_WARN_CONSTANT_CONVERSION = YES;
				CLANG_WARN_DIRECT_OBJC_ISA_USAGE = YES_ERROR;
				CLANG_WARN_EMPTY_BODY = YES;
				CLANG_WARN_ENUM_CONVERSION = YES;
				CLANG_WARN_INT_CONVERSION = YES;
				CLANG_WARN_OBJC_ROOT_CLASS = YES_ERROR;
				CLANG_WARN_UNREACHABLE_CODE = YES;
				CLANG_WARN__DUPLICATE_METHOD_MATCH = YES;
				"CODE_SIGN_IDENTITY[sdk=iphoneos*]" = "iPhone Developer";
				COPY_PHASE_STRIP = NO;
				DEBUG_INFORMATION_FORMAT = dwarf;
				ENABLE_STRICT_OBJC_MSGSEND = YES;
				ENABLE_TESTABILITY = YES;
				GCC_C_LANGUAGE_STANDARD = gnu99;
				GCC_DYNAMIC_NO_PIC = NO;
				GCC_NO_COMMON_BLOCKS = YES;
				GCC_OPTIMIZATION_LEVEL = 0;
				GCC_PREPROCESSOR_DEFINITIONS = (
					"DEBUG=1",
					"$(inherited)",
				);
				GCC_WARN_64_TO_32_BIT_CONVERSION = YES;
				GCC_WARN_ABOUT_RETURN_TYPE = YES_ERROR;
				GCC_WARN_UNDECLARED_SELECTOR = YES;
				GCC_WARN_UNINITIALIZED_AUTOS = YES_AGGRESSIVE;
				GCC_WARN_UNUSED_FUNCTION = YES;
				GCC_WARN_UNUSED_VARIABLE = YES;
				IPHONEOS_DEPLOYMENT_TARGET = 9.2;
				MTL_ENABLE_DEBUG_INFO = YES;
				ONLY_ACTIVE_ARCH = YES;
				SDKROOT = iphoneos;
				SWIFT_OPTIMIZATION_LEVEL = "-Onone";
				TARGETED_DEVICE_FAMILY = "1,2";
			};
			name = Debug;
		};
		2680D3B01C2482EB005EE8FF /* Release */ = {
			isa = XCBuildConfiguration;
			buildSettings = {
				ALWAYS_SEARCH_USER_PATHS = NO;
				CLANG_CXX_LANGUAGE_STANDARD = "gnu++0x";
				CLANG_CXX_LIBRARY = "libc++";
				CLANG_ENABLE_MODULES = YES;
				CLANG_ENABLE_OBJC_ARC = YES;
				CLANG_WARN_BOOL_CONVERSION = YES;
				CLANG_WARN_CONSTANT_CONVERSION = YES;
				CLANG_WARN_DIRECT_OBJC_ISA_USAGE = YES_ERROR;
				CLANG_WARN_EMPTY_BODY = YES;
				CLANG_WARN_ENUM_CONVERSION = YES;
				CLANG_WARN_INT_CONVERSION = YES;
				CLANG_WARN_OBJC_ROOT_CLASS = YES_ERROR;
				CLANG_WARN_UNREACHABLE_CODE = YES;
				CLANG_WARN__DUPLICATE_METHOD_MATCH = YES;
				"CODE_SIGN_IDENTITY[sdk=iphoneos*]" = "iPhone Developer";
				COPY_PHASE_STRIP = NO;
				DEBUG_INFORMATION_FORMAT = "dwarf-with-dsym";
				ENABLE_NS_ASSERTIONS = NO;
				ENABLE_STRICT_OBJC_MSGSEND = YES;
				GCC_C_LANGUAGE_STANDARD = gnu99;
				GCC_NO_COMMON_BLOCKS = YES;
				GCC_WARN_64_TO_32_BIT_CONVERSION = YES;
				GCC_WARN_ABOUT_RETURN_TYPE = YES_ERROR;
				GCC_WARN_UNDECLARED_SELECTOR = YES;
				GCC_WARN_UNINITIALIZED_AUTOS = YES_AGGRESSIVE;
				GCC_WARN_UNUSED_FUNCTION = YES;
				GCC_WARN_UNUSED_VARIABLE = YES;
				IPHONEOS_DEPLOYMENT_TARGET = 9.2;
				MTL_ENABLE_DEBUG_INFO = NO;
				SDKROOT = iphoneos;
				TARGETED_DEVICE_FAMILY = "1,2";
				VALIDATE_PRODUCT = YES;
			};
			name = Release;
		};
		2680D3B21C2482EB005EE8FF /* Debug */ = {
			isa = XCBuildConfiguration;
			buildSettings = {
				ASSETCATALOG_COMPILER_APPICON_NAME = AppIcon;
				INFOPLIST_FILE = ValiantsBattle/Info.plist;
				LD_RUNPATH_SEARCH_PATHS = "$(inherited) @executable_path/Frameworks";
				PRODUCT_BUNDLE_IDENTIFIER = com.maynesoft.ValiantsBattle;
				PRODUCT_NAME = "$(TARGET_NAME)";
			};
			name = Debug;
		};
		2680D3B31C2482EB005EE8FF /* Release */ = {
			isa = XCBuildConfiguration;
			buildSettings = {
				ASSETCATALOG_COMPILER_APPICON_NAME = AppIcon;
				INFOPLIST_FILE = ValiantsBattle/Info.plist;
				LD_RUNPATH_SEARCH_PATHS = "$(inherited) @executable_path/Frameworks";
				PRODUCT_BUNDLE_IDENTIFIER = com.maynesoft.ValiantsBattle;
				PRODUCT_NAME = "$(TARGET_NAME)";
			};
			name = Release;
		};
/* End XCBuildConfiguration section */

/* Begin XCConfigurationList section */
		2680D39A1C2482EB005EE8FF /* Build configuration list for PBXProject "ValiantsBattle" */ = {
			isa = XCConfigurationList;
			buildConfigurations = (
				2680D3AF1C2482EB005EE8FF /* Debug */,
				2680D3B01C2482EB005EE8FF /* Release */,
			);
			defaultConfigurationIsVisible = 0;
			defaultConfigurationName = Release;
		};
		2680D3B11C2482EB005EE8FF /* Build configuration list for PBXNativeTarget "ValiantsBattle" */ = {
			isa = XCConfigurationList;
			buildConfigurations = (
				2680D3B21C2482EB005EE8FF /* Debug */,
				2680D3B31C2482EB005EE8FF /* Release */,
			);
			defaultConfigurationIsVisible = 0;
		};
/* End XCConfigurationList section */
	};
	rootObject = 2680D3971C2482EB005EE8FF /* Project object */;
}
